
Microsoft Visual Studio Solution File, Format Version 12.00
# Visual Studio Version 16
VisualStudioVersion = 16.0.32802.440
MinimumVisualStudioVersion = 10.0.40219.1
Project("{8BC9CEB8-8B4A-11D0-8D11-00A0C91BC942}") = "Endeavor", "Endeavor\Endeavor.vcxproj", "{C5F80730-F44F-4478-BDAE-6634EFC2CA88}"
EndProject
Project("{FAE04EC0-301F-11D3-BF4B-00C04F79EFBC}") = "Discovery", "Discovery\Discovery.csproj", "{2704EE55-090A-4B35-84C6-B27EC058D463}"
EndProject
Project("{8BC9CEB8-8B4A-11D0-8D11-00A0C91BC942}") = "Columbia", "Columbia\Columbia.vcxproj", "{26108775-B5F6-4DF7-9920-BCCD96D8334E}"
EndProject
Project("{FAE04EC0-301F-11D3-BF4B-00C04F79EFBC}") = "Atlantis", "Atlantis\Atlantis.csproj", "{83281FB2-41DD-461C-A8AF-210404D55E35}"
EndProject
Global
	GlobalSection(SolutionConfigurationPlatforms) = preSolution
		Debug|Any CPU = Debug|Any CPU
		Debug|x64 = Debug|x64
		Debug|x86 = Debug|x86
		Release|Any CPU = Release|Any CPU
		Release|x64 = Release|x64
		Release|x86 = Release|x86
	EndGlobalSection
	GlobalSection(ProjectConfigurationPlatforms) = postSolution
		{C5F80730-F44F-4478-BDAE-6634EFC2CA88}.Debug|Any CPU.ActiveCfg = Debug|Win32
		{C5F80730-F44F-4478-BDAE-6634EFC2CA88}.Debug|x64.ActiveCfg = Debug|Win32
		{C5F80730-F44F-4478-BDAE-6634EFC2CA88}.Debug|x86.ActiveCfg = Debug|Win32
		{C5F80730-F44F-4478-BDAE-6634EFC2CA88}.Debug|x86.Build.0 = Debug|Win32
		{C5F80730-F44F-4478-BDAE-6634EFC2CA88}.Release|Any CPU.ActiveCfg = Release|Win32
		{C5F80730-F44F-4478-BDAE-6634EFC2CA88}.Release|x64.ActiveCfg = Release|Win32
		{C5F80730-F44F-4478-BDAE-6634EFC2CA88}.Release|x86.ActiveCfg = Release|Win32
		{C5F80730-F44F-4478-BDAE-6634EFC2CA88}.Release|x86.Build.0 = Release|Win32
		{2704EE55-090A-4B35-84C6-B27EC058D463}.Debug|Any CPU.ActiveCfg = Debug|Any CPU
		{2704EE55-090A-4B35-84C6-B27EC058D463}.Debug|Any CPU.Build.0 = Debug|Any CPU
		{2704EE55-090A-4B35-84C6-B27EC058D463}.Debug|x64.ActiveCfg = Debug|Any CPU
		{2704EE55-090A-4B35-84C6-B27EC058D463}.Debug|x64.Build.0 = Debug|Any CPU
		{2704EE55-090A-4B35-84C6-B27EC058D463}.Debug|x86.ActiveCfg = Debug|Any CPU
		{2704EE55-090A-4B35-84C6-B27EC058D463}.Debug|x86.Build.0 = Debug|Any CPU
		{2704EE55-090A-4B35-84C6-B27EC058D463}.Release|Any CPU.ActiveCfg = Release|Any CPU
		{2704EE55-090A-4B35-84C6-B27EC058D463}.Release|Any CPU.Build.0 = Release|Any CPU
		{2704EE55-090A-4B35-84C6-B27EC058D463}.Release|x64.ActiveCfg = Release|Any CPU
		{2704EE55-090A-4B35-84C6-B27EC058D463}.Release|x64.Build.0 = Release|Any CPU
		{2704EE55-090A-4B35-84C6-B27EC058D463}.Release|x86.ActiveCfg = Release|Any CPU
		{2704EE55-090A-4B35-84C6-B27EC058D463}.Release|x86.Build.0 = Release|Any CPU
		{26108775-B5F6-4DF7-9920-BCCD96D8334E}.Debug|Any CPU.ActiveCfg = Debug|Win32
		{26108775-B5F6-4DF7-9920-BCCD96D8334E}.Debug|x64.ActiveCfg = Debug|x64
		{26108775-B5F6-4DF7-9920-BCCD96D8334E}.Debug|x64.Build.0 = Debug|x64
		{26108775-B5F6-4DF7-9920-BCCD96D8334E}.Debug|x86.ActiveCfg = Debug|Win32
		{26108775-B5F6-4DF7-9920-BCCD96D8334E}.Debug|x86.Build.0 = Debug|Win32
		{26108775-B5F6-4DF7-9920-BCCD96D8334E}.Release|Any CPU.ActiveCfg = Release|Win32
		{26108775-B5F6-4DF7-9920-BCCD96D8334E}.Release|x64.ActiveCfg = Release|x64
		{26108775-B5F6-4DF7-9920-BCCD96D8334E}.Release|x64.Build.0 = Release|x64
		{26108775-B5F6-4DF7-9920-BCCD96D8334E}.Release|x86.ActiveCfg = Release|Win32
		{26108775-B5F6-4DF7-9920-BCCD96D8334E}.Release|x86.Build.0 = Release|Win32
		{83281FB2-41DD-461C-A8AF-210404D55E35}.Debug|Any CPU.ActiveCfg = Debug|Any CPU
		{83281FB2-41DD-461C-A8AF-210404D55E35}.Debug|Any CPU.Build.0 = Debug|Any CPU
		{83281FB2-41DD-461C-A8AF-210404D55E35}.Debug|x64.ActiveCfg = Debug|Any CPU
		{83281FB2-41DD-461C-A8AF-210404D55E35}.Debug|x64.Build.0 = Debug|Any CPU
		{83281FB2-41DD-461C-A8AF-210404D55E35}.Debug|x86.ActiveCfg = Debug|Any CPU
		{83281FB2-41DD-461C-A8AF-210404D55E35}.Debug|x86.Build.0 = Debug|Any CPU
		{83281FB2-41DD-461C-A8AF-210404D55E35}.Release|Any CPU.ActiveCfg = Release|Any CPU
		{83281FB2-41DD-461C-A8AF-210404D55E35}.Release|Any CPU.Build.0 = Release|Any CPU
		{83281FB2-41DD-461C-A8AF-210404D55E35}.Release|x64.ActiveCfg = Release|Any CPU
		{83281FB2-41DD-461C-A8AF-210404D55E35}.Release|x64.Build.0 = Release|Any CPU
		{83281FB2-41DD-461C-A8AF-210404D55E35}.Release|x86.ActiveCfg = Release|Any CPU
		{83281FB2-41DD-461C-A8AF-210404D55E35}.Release|x86.Build.0 = Release|Any CPU
	EndGlobalSection
	GlobalSection(SolutionProperties) = preSolution
		HideSolutionNode = FALSE
	EndGlobalSection
	GlobalSection(ExtensibilityGlobals) = postSolution
		SolutionGuid = {65B09259-CA8F-4D58-B378-D1BD0BA36E13}
	EndGlobalSection
EndGlobal
