<?xml version="1.0" encoding="utf-8"?>
<Project ToolsVersion="4.0" xmlns="http://schemas.microsoft.com/developer/msbuild/2003">
  <ItemGroup>
    <Filter Include="Source Files">
      <UniqueIdentifier>{4FC737F1-C7A5-4376-A066-2A32D752A2FF}</UniqueIdentifier>
      <Extensions>cpp;c;cc;cxx;def;odl;idl;hpj;bat;asm;asmx</Extensions>
    </Filter>
    <Filter Include="Header Files">
      <UniqueIdentifier>{93995380-89BD-4b04-88EB-625FBE52EBFB}</UniqueIdentifier>
      <Extensions>h;hh;hpp;hxx;hm;inl;inc;xsd</Extensions>
    </Filter>
    <Filter Include="Misc Files">
      <UniqueIdentifier>{67DA6AB6-F800-4c08-8B7A-83BB121AAD01}</UniqueIdentifier>
      <Extensions>xml;json;txt;rc;ico;cur;bmp;dlg;rc2;rct;bin;rgs;gif;jpg;jpeg;jpe;resx;tiff;tif;png;wav;mfcribbon-ms</Extensions>
    </Filter>
    <Filter Include="src">
      <UniqueIdentifier>{bdd39263-02dc-446b-a761-09ef45a9c71d}</UniqueIdentifier>
    </Filter>
    <Filter Include="src\_micro-api-readonly">
      <UniqueIdentifier>{c94c7923-0f0f-4f81-85db-a6c90248f5f9}</UniqueIdentifier>
    </Filter>
    <Filter Include="src\_micro-api-readonly\core">
      <UniqueIdentifier>{fded7079-c723-4d3f-875e-f3bfd1cefd24}</UniqueIdentifier>
    </Filter>
    <Filter Include="src\_micro-api-readonly\core\apps">
      <UniqueIdentifier>{51218afd-4b1e-4a49-a452-6f4a77272eb0}</UniqueIdentifier>
    </Filter>
    <Filter Include="src\_micro-api-readonly\core\apps\sntp">
      <UniqueIdentifier>{0068a2fc-7013-4be1-a71e-7037d6d59940}</UniqueIdentifier>
    </Filter>
    <Filter Include="src\_micro-api-readonly\core\libb64">
      <UniqueIdentifier>{c6e54a0c-1ae7-4ad9-8448-27bee1cb8cdf}</UniqueIdentifier>
    </Filter>
    <Filter Include="src\_micro-api-readonly\libraries">
      <UniqueIdentifier>{98001294-493a-471b-ac48-b80d7e6a64e6}</UniqueIdentifier>
    </Filter>
    <Filter Include="src\_micro-api-readonly\libraries\Adafruit_SSD1306">
      <UniqueIdentifier>{0fd40c72-d4f7-4c9f-9f41-d0ea51cb3af4}</UniqueIdentifier>
    </Filter>
    <Filter Include="src\_micro-api-readonly\libraries\ArduinoHttpClient">
      <UniqueIdentifier>{1dc76666-d79c-445d-9c69-3e95e86c94b2}</UniqueIdentifier>
    </Filter>
    <Filter Include="src\_micro-api-readonly\libraries\ArduinoOTA">
      <UniqueIdentifier>{9ad45cea-dca5-425a-8fc4-3e8e645ac01b}</UniqueIdentifier>
    </Filter>
    <Filter Include="src\_micro-api-readonly\libraries\ESPmDNS">
      <UniqueIdentifier>{c37649c0-e48e-44c6-bb92-2163f96cdc9c}</UniqueIdentifier>
    </Filter>
    <Filter Include="src\_micro-api-readonly\libraries\Preferences">
      <UniqueIdentifier>{9c288193-4633-45be-b748-27f2120c2ccd}</UniqueIdentifier>
    </Filter>
    <Filter Include="src\_micro-api-readonly\libraries\SparkFun_MCP9600_Thermocouple_Library">
      <UniqueIdentifier>{92b0d4f0-6af5-4ebb-8e27-9f8cbdb8c383}</UniqueIdentifier>
    </Filter>
    <Filter Include="src\_micro-api-readonly\libraries\SPI">
      <UniqueIdentifier>{f2bc5325-d818-4f5c-827f-1969eeaf3bec}</UniqueIdentifier>
    </Filter>
    <Filter Include="src\_micro-api-readonly\libraries\WiFi">
      <UniqueIdentifier>{29698f47-c478-419d-a9b7-edf0f9e74604}</UniqueIdentifier>
    </Filter>
    <Filter Include="src\_micro-api-readonly\libraries\Network">
      <UniqueIdentifier>{ea007859-78b6-4a00-b622-03aa78b0f2d5}</UniqueIdentifier>
    </Filter>
    <Filter Include="src\_micro-api-readonly\libraries\Adafruit_GFX_Library">
      <UniqueIdentifier>{0970e0e0-b8ce-4818-83ea-a648ecafa6ab}</UniqueIdentifier>
    </Filter>
    <Filter Include="src\_micro-api-readonly\libraries\Adafruit_BusIO">
      <UniqueIdentifier>{6423edea-5394-4ae9-8521-633a45cab9a2}</UniqueIdentifier>
    </Filter>
    <Filter Include="src\_micro-api-readonly\libraries\Wire">
      <UniqueIdentifier>{fe814360-0701-466e-803a-83f19d201809}</UniqueIdentifier>
    </Filter>
    <Filter Include="src\_micro-api-readonly\libraries\Update">
      <UniqueIdentifier>{60382a4d-3d36-4f25-945c-0b2bd39e0230}</UniqueIdentifier>
    </Filter>
  </ItemGroup>
  <ItemGroup>
    <None Include="src\arduino folders read me.txt">
      <Filter>Misc Files</Filter>
    </None>
    <None Include="..\..\..\..\Documents\Arduino\libraries\Adafruit_SSD1306\library.properties">
      <Filter>src\_micro-api-readonly\libraries\Adafruit_SSD1306</Filter>
    </None>
    <None Include="..\..\..\..\Documents\Arduino\libraries\ArduinoHttpClient\library.properties">
      <Filter>src\_micro-api-readonly\libraries\ArduinoHttpClient</Filter>
    </None>
    <None Include="..\..\..\..\AppData\Local\Arduino15\packages\esp32\hardware\esp32\3.0.7\libraries\ArduinoOTA\library.properties">
      <Filter>src\_micro-api-readonly\libraries\ArduinoOTA</Filter>
    </None>
    <None Include="..\..\..\..\AppData\Local\Arduino15\packages\esp32\hardware\esp32\3.0.7\libraries\ESPmDNS\library.properties">
      <Filter>src\_micro-api-readonly\libraries\ESPmDNS</Filter>
    </None>
    <None Include="..\..\..\..\AppData\Local\Arduino15\packages\esp32\hardware\esp32\3.0.7\libraries\Preferences\library.properties">
      <Filter>src\_micro-api-readonly\libraries\Preferences</Filter>
    </None>
    <None Include="..\..\..\..\Documents\Arduino\libraries\SparkFun_MCP9600_Thermocouple_Library\library.properties">
      <Filter>src\_micro-api-readonly\libraries\SparkFun_MCP9600_Thermocouple_Library</Filter>
    </None>
    <None Include="..\..\..\..\AppData\Local\Arduino15\packages\esp32\hardware\esp32\3.0.7\libraries\SPI\library.properties">
      <Filter>src\_micro-api-readonly\libraries\SPI</Filter>
    </None>
    <None Include="..\..\..\..\AppData\Local\Arduino15\packages\esp32\hardware\esp32\3.0.7\libraries\WiFi\library.properties">
      <Filter>src\_micro-api-readonly\libraries\WiFi</Filter>
    </None>
    <None Include="..\..\..\..\AppData\Local\Arduino15\packages\esp32\hardware\esp32\3.0.7\libraries\Network\library.properties">
      <Filter>src\_micro-api-readonly\libraries\Network</Filter>
    </None>
    <None Include="..\..\..\..\Documents\Arduino\libraries\Adafruit_GFX_Library\library.properties">
      <Filter>src\_micro-api-readonly\libraries\Adafruit_GFX_Library</Filter>
    </None>
    <None Include="..\..\..\..\Documents\Arduino\libraries\Adafruit_BusIO\library.properties">
      <Filter>src\_micro-api-readonly\libraries\Adafruit_BusIO</Filter>
    </None>
    <None Include="..\..\..\..\AppData\Local\Arduino15\packages\esp32\hardware\esp32\3.0.7\libraries\Wire\library.properties">
      <Filter>src\_micro-api-readonly\libraries\Wire</Filter>
    </None>
    <None Include="..\..\..\..\AppData\Local\Arduino15\packages\esp32\hardware\esp32\3.0.7\libraries\Update\library.properties">
      <Filter>src\_micro-api-readonly\libraries\Update</Filter>
    </None>
  </ItemGroup>
  <ItemGroup>
    <ClInclude Include="resource.h">
      <Filter>Header Files</Filter>
    </ClInclude>
    <ClInclude Include="..\..\..\..\AppData\Local\Arduino15\packages\esp32\hardware\esp32\3.0.7\cores\esp32\Arduino.h">
      <Filter>src\_micro-api-readonly\core</Filter>
    </ClInclude>
    <ClInclude Include="..\..\..\..\AppData\Local\Arduino15\packages\esp32\hardware\esp32\3.0.7\cores\esp32\base64.h">
      <Filter>src\_micro-api-readonly\core</Filter>
    </ClInclude>
    <ClInclude Include="..\..\..\..\AppData\Local\Arduino15\packages\esp32\hardware\esp32\3.0.7\cores\esp32\binary.h">
      <Filter>src\_micro-api-readonly\core</Filter>
    </ClInclude>
    <ClInclude Include="..\..\..\..\AppData\Local\Arduino15\packages\esp32\hardware\esp32\3.0.7\cores\esp32\cbuf.h">
      <Filter>src\_micro-api-readonly\core</Filter>
    </ClInclude>
    <ClInclude Include="..\..\..\..\AppData\Local\Arduino15\packages\esp32\hardware\esp32\3.0.7\cores\esp32\chip-debug-report.h">
      <Filter>src\_micro-api-readonly\core</Filter>
    </ClInclude>
    <ClInclude Include="..\..\..\..\AppData\Local\Arduino15\packages\esp32\hardware\esp32\3.0.7\cores\esp32\Client.h">
      <Filter>src\_micro-api-readonly\core</Filter>
    </ClInclude>
    <ClInclude Include="..\..\..\..\AppData\Local\Arduino15\packages\esp32\hardware\esp32\3.0.7\cores\esp32\core_version.h">
      <Filter>src\_micro-api-readonly\core</Filter>
    </ClInclude>
    <ClInclude Include="..\..\..\..\AppData\Local\Arduino15\packages\esp32\hardware\esp32\3.0.7\cores\esp32\Esp.h">
      <Filter>src\_micro-api-readonly\core</Filter>
    </ClInclude>
    <ClInclude Include="..\..\..\..\AppData\Local\Arduino15\packages\esp32\hardware\esp32\3.0.7\cores\esp32\esp32-hal-adc.h">
      <Filter>src\_micro-api-readonly\core</Filter>
    </ClInclude>
    <ClInclude Include="..\..\..\..\AppData\Local\Arduino15\packages\esp32\hardware\esp32\3.0.7\cores\esp32\esp32-hal-bt.h">
      <Filter>src\_micro-api-readonly\core</Filter>
    </ClInclude>
    <ClInclude Include="..\..\..\..\AppData\Local\Arduino15\packages\esp32\hardware\esp32\3.0.7\cores\esp32\esp32-hal-cpu.h">
      <Filter>src\_micro-api-readonly\core</Filter>
    </ClInclude>
    <ClInclude Include="..\..\..\..\AppData\Local\Arduino15\packages\esp32\hardware\esp32\3.0.7\cores\esp32\esp32-hal-dac.h">
      <Filter>src\_micro-api-readonly\core</Filter>
    </ClInclude>
    <ClInclude Include="..\..\..\..\AppData\Local\Arduino15\packages\esp32\hardware\esp32\3.0.7\cores\esp32\esp32-hal-gpio.h">
      <Filter>src\_micro-api-readonly\core</Filter>
    </ClInclude>
    <ClInclude Include="..\..\..\..\AppData\Local\Arduino15\packages\esp32\hardware\esp32\3.0.7\cores\esp32\esp32-hal-i2c-slave.h">
      <Filter>src\_micro-api-readonly\core</Filter>
    </ClInclude>
    <ClInclude Include="..\..\..\..\AppData\Local\Arduino15\packages\esp32\hardware\esp32\3.0.7\cores\esp32\esp32-hal-i2c.h">
      <Filter>src\_micro-api-readonly\core</Filter>
    </ClInclude>
    <ClInclude Include="..\..\..\..\AppData\Local\Arduino15\packages\esp32\hardware\esp32\3.0.7\cores\esp32\esp32-hal-ledc.h">
      <Filter>src\_micro-api-readonly\core</Filter>
    </ClInclude>
    <ClInclude Include="..\..\..\..\AppData\Local\Arduino15\packages\esp32\hardware\esp32\3.0.7\cores\esp32\esp32-hal-log.h">
      <Filter>src\_micro-api-readonly\core</Filter>
    </ClInclude>
    <ClInclude Include="..\..\..\..\AppData\Local\Arduino15\packages\esp32\hardware\esp32\3.0.7\cores\esp32\esp32-hal-matrix.h">
      <Filter>src\_micro-api-readonly\core</Filter>
    </ClInclude>
    <ClInclude Include="..\..\..\..\AppData\Local\Arduino15\packages\esp32\hardware\esp32\3.0.7\cores\esp32\esp32-hal-periman.h">
      <Filter>src\_micro-api-readonly\core</Filter>
    </ClInclude>
    <ClInclude Include="..\..\..\..\AppData\Local\Arduino15\packages\esp32\hardware\esp32\3.0.7\cores\esp32\esp32-hal-psram.h">
      <Filter>src\_micro-api-readonly\core</Filter>
    </ClInclude>
    <ClInclude Include="..\..\..\..\AppData\Local\Arduino15\packages\esp32\hardware\esp32\3.0.7\cores\esp32\esp32-hal-rgb-led.h">
      <Filter>src\_micro-api-readonly\core</Filter>
    </ClInclude>
    <ClInclude Include="..\..\..\..\AppData\Local\Arduino15\packages\esp32\hardware\esp32\3.0.7\cores\esp32\esp32-hal-rmt.h">
      <Filter>src\_micro-api-readonly\core</Filter>
    </ClInclude>
    <ClInclude Include="..\..\..\..\AppData\Local\Arduino15\packages\esp32\hardware\esp32\3.0.7\cores\esp32\esp32-hal-sigmadelta.h">
      <Filter>src\_micro-api-readonly\core</Filter>
    </ClInclude>
    <ClInclude Include="..\..\..\..\AppData\Local\Arduino15\packages\esp32\hardware\esp32\3.0.7\cores\esp32\esp32-hal-spi.h">
      <Filter>src\_micro-api-readonly\core</Filter>
    </ClInclude>
    <ClInclude Include="..\..\..\..\AppData\Local\Arduino15\packages\esp32\hardware\esp32\3.0.7\cores\esp32\esp32-hal-timer.h">
      <Filter>src\_micro-api-readonly\core</Filter>
    </ClInclude>
    <ClInclude Include="..\..\..\..\AppData\Local\Arduino15\packages\esp32\hardware\esp32\3.0.7\cores\esp32\esp32-hal-tinyusb.h">
      <Filter>src\_micro-api-readonly\core</Filter>
    </ClInclude>
    <ClInclude Include="..\..\..\..\AppData\Local\Arduino15\packages\esp32\hardware\esp32\3.0.7\cores\esp32\esp32-hal-touch.h">
      <Filter>src\_micro-api-readonly\core</Filter>
    </ClInclude>
    <ClInclude Include="..\..\..\..\AppData\Local\Arduino15\packages\esp32\hardware\esp32\3.0.7\cores\esp32\esp32-hal-uart.h">
      <Filter>src\_micro-api-readonly\core</Filter>
    </ClInclude>
    <ClInclude Include="..\..\..\..\AppData\Local\Arduino15\packages\esp32\hardware\esp32\3.0.7\cores\esp32\esp32-hal.h">
      <Filter>src\_micro-api-readonly\core</Filter>
    </ClInclude>
    <ClInclude Include="..\..\..\..\AppData\Local\Arduino15\packages\esp32\hardware\esp32\3.0.7\cores\esp32\esp8266-compat.h">
      <Filter>src\_micro-api-readonly\core</Filter>
    </ClInclude>
    <ClInclude Include="..\..\..\..\AppData\Local\Arduino15\packages\esp32\hardware\esp32\3.0.7\cores\esp32\esp_arduino_version.h">
      <Filter>src\_micro-api-readonly\core</Filter>
    </ClInclude>
    <ClInclude Include="..\..\..\..\AppData\Local\Arduino15\packages\esp32\hardware\esp32\3.0.7\cores\esp32\extra_attr.h">
      <Filter>src\_micro-api-readonly\core</Filter>
    </ClInclude>
    <ClInclude Include="..\..\..\..\AppData\Local\Arduino15\packages\esp32\hardware\esp32\3.0.7\cores\esp32\FirmwareMSC.h">
      <Filter>src\_micro-api-readonly\core</Filter>
    </ClInclude>
    <ClInclude Include="..\..\..\..\AppData\Local\Arduino15\packages\esp32\hardware\esp32\3.0.7\cores\esp32\firmware_msc_fat.h">
      <Filter>src\_micro-api-readonly\core</Filter>
    </ClInclude>
    <ClInclude Include="..\..\..\..\AppData\Local\Arduino15\packages\esp32\hardware\esp32\3.0.7\cores\esp32\FunctionalInterrupt.h">
      <Filter>src\_micro-api-readonly\core</Filter>
    </ClInclude>
    <ClInclude Include="..\..\..\..\AppData\Local\Arduino15\packages\esp32\hardware\esp32\3.0.7\cores\esp32\HardwareI2C.h">
      <Filter>src\_micro-api-readonly\core</Filter>
    </ClInclude>
    <ClInclude Include="..\..\..\..\AppData\Local\Arduino15\packages\esp32\hardware\esp32\3.0.7\cores\esp32\HardwareSerial.h">
      <Filter>src\_micro-api-readonly\core</Filter>
    </ClInclude>
    <ClInclude Include="..\..\..\..\AppData\Local\Arduino15\packages\esp32\hardware\esp32\3.0.7\cores\esp32\HashBuilder.h">
      <Filter>src\_micro-api-readonly\core</Filter>
    </ClInclude>
    <ClInclude Include="..\..\..\..\AppData\Local\Arduino15\packages\esp32\hardware\esp32\3.0.7\cores\esp32\HEXBuilder.h">
      <Filter>src\_micro-api-readonly\core</Filter>
    </ClInclude>
    <ClInclude Include="..\..\..\..\AppData\Local\Arduino15\packages\esp32\hardware\esp32\3.0.7\cores\esp32\HWCDC.h">
      <Filter>src\_micro-api-readonly\core</Filter>
    </ClInclude>
    <ClInclude Include="..\..\..\..\AppData\Local\Arduino15\packages\esp32\hardware\esp32\3.0.7\cores\esp32\io_pin_remap.h">
      <Filter>src\_micro-api-readonly\core</Filter>
    </ClInclude>
    <ClInclude Include="..\..\..\..\AppData\Local\Arduino15\packages\esp32\hardware\esp32\3.0.7\cores\esp32\IPAddress.h">
      <Filter>src\_micro-api-readonly\core</Filter>
    </ClInclude>
    <ClInclude Include="..\..\..\..\AppData\Local\Arduino15\packages\esp32\hardware\esp32\3.0.7\cores\esp32\MacAddress.h">
      <Filter>src\_micro-api-readonly\core</Filter>
    </ClInclude>
    <ClInclude Include="..\..\..\..\AppData\Local\Arduino15\packages\esp32\hardware\esp32\3.0.7\cores\esp32\MD5Builder.h">
      <Filter>src\_micro-api-readonly\core</Filter>
    </ClInclude>
    <ClInclude Include="..\..\..\..\AppData\Local\Arduino15\packages\esp32\hardware\esp32\3.0.7\cores\esp32\pgmspace.h">
      <Filter>src\_micro-api-readonly\core</Filter>
    </ClInclude>
    <ClInclude Include="..\..\..\..\AppData\Local\Arduino15\packages\esp32\hardware\esp32\3.0.7\cores\esp32\Print.h">
      <Filter>src\_micro-api-readonly\core</Filter>
    </ClInclude>
    <ClInclude Include="..\..\..\..\AppData\Local\Arduino15\packages\esp32\hardware\esp32\3.0.7\cores\esp32\Printable.h">
      <Filter>src\_micro-api-readonly\core</Filter>
    </ClInclude>
    <ClInclude Include="..\..\..\..\AppData\Local\Arduino15\packages\esp32\hardware\esp32\3.0.7\cores\esp32\Server.h">
      <Filter>src\_micro-api-readonly\core</Filter>
    </ClInclude>
    <ClInclude Include="..\..\..\..\AppData\Local\Arduino15\packages\esp32\hardware\esp32\3.0.7\cores\esp32\SHA1Builder.h">
      <Filter>src\_micro-api-readonly\core</Filter>
    </ClInclude>
    <ClInclude Include="..\..\..\..\AppData\Local\Arduino15\packages\esp32\hardware\esp32\3.0.7\cores\esp32\stdlib_noniso.h">
      <Filter>src\_micro-api-readonly\core</Filter>
    </ClInclude>
    <ClInclude Include="..\..\..\..\AppData\Local\Arduino15\packages\esp32\hardware\esp32\3.0.7\cores\esp32\Stream.h">
      <Filter>src\_micro-api-readonly\core</Filter>
    </ClInclude>
    <ClInclude Include="..\..\..\..\AppData\Local\Arduino15\packages\esp32\hardware\esp32\3.0.7\cores\esp32\StreamString.h">
      <Filter>src\_micro-api-readonly\core</Filter>
    </ClInclude>
    <ClInclude Include="..\..\..\..\AppData\Local\Arduino15\packages\esp32\hardware\esp32\3.0.7\cores\esp32\Udp.h">
      <Filter>src\_micro-api-readonly\core</Filter>
    </ClInclude>
    <ClInclude Include="..\..\..\..\AppData\Local\Arduino15\packages\esp32\hardware\esp32\3.0.7\cores\esp32\USB.h">
      <Filter>src\_micro-api-readonly\core</Filter>
    </ClInclude>
    <ClInclude Include="..\..\..\..\AppData\Local\Arduino15\packages\esp32\hardware\esp32\3.0.7\cores\esp32\USBCDC.h">
      <Filter>src\_micro-api-readonly\core</Filter>
    </ClInclude>
    <ClInclude Include="..\..\..\..\AppData\Local\Arduino15\packages\esp32\hardware\esp32\3.0.7\cores\esp32\USBMSC.h">
      <Filter>src\_micro-api-readonly\core</Filter>
    </ClInclude>
    <ClInclude Include="..\..\..\..\AppData\Local\Arduino15\packages\esp32\hardware\esp32\3.0.7\cores\esp32\WCharacter.h">
      <Filter>src\_micro-api-readonly\core</Filter>
    </ClInclude>
    <ClInclude Include="..\..\..\..\AppData\Local\Arduino15\packages\esp32\hardware\esp32\3.0.7\cores\esp32\wiring_private.h">
      <Filter>src\_micro-api-readonly\core</Filter>
    </ClInclude>
    <ClInclude Include="..\..\..\..\AppData\Local\Arduino15\packages\esp32\hardware\esp32\3.0.7\cores\esp32\WString.h">
      <Filter>src\_micro-api-readonly\core</Filter>
    </ClInclude>
    <ClInclude Include="..\..\..\..\AppData\Local\Arduino15\packages\esp32\hardware\esp32\3.0.7\cores\esp32\apps\sntp\sntp.h">
      <Filter>src\_micro-api-readonly\core\apps\sntp</Filter>
    </ClInclude>
    <ClInclude Include="..\..\..\..\AppData\Local\Arduino15\packages\esp32\hardware\esp32\3.0.7\cores\esp32\libb64\cdecode.h">
      <Filter>src\_micro-api-readonly\core\libb64</Filter>
    </ClInclude>
    <ClInclude Include="..\..\..\..\AppData\Local\Arduino15\packages\esp32\hardware\esp32\3.0.7\cores\esp32\libb64\cencode.h">
      <Filter>src\_micro-api-readonly\core\libb64</Filter>
    </ClInclude>
    <ClInclude Include="..\..\..\..\AppData\Local\Arduino15\packages\esp32\hardware\esp32\3.0.7\variants\nodemcu-32s\pins_arduino.h">
      <Filter>src\_micro-api-readonly\core</Filter>
    </ClInclude>
    <ClInclude Include="..\..\..\..\Documents\Arduino\libraries\Adafruit_SSD1306\Adafruit_SSD1306.h">
      <Filter>src\_micro-api-readonly\libraries\Adafruit_SSD1306</Filter>
    </ClInclude>
    <ClInclude Include="..\..\..\..\Documents\Arduino\libraries\Adafruit_SSD1306\splash.h">
      <Filter>src\_micro-api-readonly\libraries\Adafruit_SSD1306</Filter>
    </ClInclude>
    <ClInclude Include="..\..\..\..\Documents\Arduino\libraries\ArduinoHttpClient\src\ArduinoHttpClient.h">
      <Filter>src\_micro-api-readonly\libraries\ArduinoHttpClient</Filter>
    </ClInclude>
    <ClInclude Include="..\..\..\..\Documents\Arduino\libraries\ArduinoHttpClient\src\b64.h">
      <Filter>src\_micro-api-readonly\libraries\ArduinoHttpClient</Filter>
    </ClInclude>
    <ClInclude Include="..\..\..\..\Documents\Arduino\libraries\ArduinoHttpClient\src\HttpClient.h">
      <Filter>src\_micro-api-readonly\libraries\ArduinoHttpClient</Filter>
    </ClInclude>
    <ClInclude Include="..\..\..\..\Documents\Arduino\libraries\ArduinoHttpClient\src\URLEncoder.h">
      <Filter>src\_micro-api-readonly\libraries\ArduinoHttpClient</Filter>
    </ClInclude>
    <ClInclude Include="..\..\..\..\Documents\Arduino\libraries\ArduinoHttpClient\src\URLParser.h">
      <Filter>src\_micro-api-readonly\libraries\ArduinoHttpClient</Filter>
    </ClInclude>
    <ClInclude Include="..\..\..\..\Documents\Arduino\libraries\ArduinoHttpClient\src\WebSocketClient.h">
      <Filter>src\_micro-api-readonly\libraries\ArduinoHttpClient</Filter>
    </ClInclude>
    <ClInclude Include="..\..\..\..\Documents\Arduino\libraries\ArduinoHttpClient\src\utility\URLParser\http_parser.h">
      <Filter>src\_micro-api-readonly\libraries\ArduinoHttpClient</Filter>
    </ClInclude>
    <ClInclude Include="..\..\..\..\AppData\Local\Arduino15\packages\esp32\hardware\esp32\3.0.7\libraries\ArduinoOTA\src\ArduinoOTA.h">
      <Filter>src\_micro-api-readonly\libraries\ArduinoOTA</Filter>
    </ClInclude>
    <ClInclude Include="..\..\..\..\AppData\Local\Arduino15\packages\esp32\hardware\esp32\3.0.7\libraries\ESPmDNS\src\ESPmDNS.h">
      <Filter>src\_micro-api-readonly\libraries\ESPmDNS</Filter>
    </ClInclude>
    <ClInclude Include="..\..\..\..\AppData\Local\Arduino15\packages\esp32\hardware\esp32\3.0.7\libraries\Preferences\src\Preferences.h">
      <Filter>src\_micro-api-readonly\libraries\Preferences</Filter>
    </ClInclude>
    <ClInclude Include="..\..\..\..\Documents\Arduino\libraries\SparkFun_MCP9600_Thermocouple_Library\src\SparkFun_MCP9600.h">
      <Filter>src\_micro-api-readonly\libraries\SparkFun_MCP9600_Thermocouple_Library</Filter>
    </ClInclude>
    <ClInclude Include="..\..\..\..\AppData\Local\Arduino15\packages\esp32\hardware\esp32\3.0.7\libraries\SPI\src\SPI.h">
      <Filter>src\_micro-api-readonly\libraries\SPI</Filter>
    </ClInclude>
    <ClInclude Include="..\..\..\..\AppData\Local\Arduino15\packages\esp32\hardware\esp32\3.0.7\libraries\WiFi\src\WiFi.h">
      <Filter>src\_micro-api-readonly\libraries\WiFi</Filter>
    </ClInclude>
    <ClInclude Include="..\..\..\..\AppData\Local\Arduino15\packages\esp32\hardware\esp32\3.0.7\libraries\WiFi\src\WiFiAP.h">
      <Filter>src\_micro-api-readonly\libraries\WiFi</Filter>
    </ClInclude>
    <ClInclude Include="..\..\..\..\AppData\Local\Arduino15\packages\esp32\hardware\esp32\3.0.7\libraries\WiFi\src\WiFiClient.h">
      <Filter>src\_micro-api-readonly\libraries\WiFi</Filter>
    </ClInclude>
    <ClInclude Include="..\..\..\..\AppData\Local\Arduino15\packages\esp32\hardware\esp32\3.0.7\libraries\WiFi\src\WiFiGeneric.h">
      <Filter>src\_micro-api-readonly\libraries\WiFi</Filter>
    </ClInclude>
    <ClInclude Include="..\..\..\..\AppData\Local\Arduino15\packages\esp32\hardware\esp32\3.0.7\libraries\WiFi\src\WiFiMulti.h">
      <Filter>src\_micro-api-readonly\libraries\WiFi</Filter>
    </ClInclude>
    <ClInclude Include="..\..\..\..\AppData\Local\Arduino15\packages\esp32\hardware\esp32\3.0.7\libraries\WiFi\src\WiFiScan.h">
      <Filter>src\_micro-api-readonly\libraries\WiFi</Filter>
    </ClInclude>
    <ClInclude Include="..\..\..\..\AppData\Local\Arduino15\packages\esp32\hardware\esp32\3.0.7\libraries\WiFi\src\WiFiServer.h">
      <Filter>src\_micro-api-readonly\libraries\WiFi</Filter>
    </ClInclude>
    <ClInclude Include="..\..\..\..\AppData\Local\Arduino15\packages\esp32\hardware\esp32\3.0.7\libraries\WiFi\src\WiFiSTA.h">
      <Filter>src\_micro-api-readonly\libraries\WiFi</Filter>
    </ClInclude>
    <ClInclude Include="..\..\..\..\AppData\Local\Arduino15\packages\esp32\hardware\esp32\3.0.7\libraries\WiFi\src\WiFiType.h">
      <Filter>src\_micro-api-readonly\libraries\WiFi</Filter>
    </ClInclude>
    <ClInclude Include="..\..\..\..\AppData\Local\Arduino15\packages\esp32\hardware\esp32\3.0.7\libraries\WiFi\src\WiFiUdp.h">
      <Filter>src\_micro-api-readonly\libraries\WiFi</Filter>
    </ClInclude>
    <ClInclude Include="..\..\..\..\AppData\Local\Arduino15\packages\esp32\hardware\esp32\3.0.7\libraries\Network\src\Network.h">
      <Filter>src\_micro-api-readonly\libraries\Network</Filter>
    </ClInclude>
    <ClInclude Include="..\..\..\..\AppData\Local\Arduino15\packages\esp32\hardware\esp32\3.0.7\libraries\Network\src\NetworkClient.h">
      <Filter>src\_micro-api-readonly\libraries\Network</Filter>
    </ClInclude>
    <ClInclude Include="..\..\..\..\AppData\Local\Arduino15\packages\esp32\hardware\esp32\3.0.7\libraries\Network\src\NetworkEvents.h">
      <Filter>src\_micro-api-readonly\libraries\Network</Filter>
    </ClInclude>
    <ClInclude Include="..\..\..\..\AppData\Local\Arduino15\packages\esp32\hardware\esp32\3.0.7\libraries\Network\src\NetworkInterface.h">
      <Filter>src\_micro-api-readonly\libraries\Network</Filter>
    </ClInclude>
    <ClInclude Include="..\..\..\..\AppData\Local\Arduino15\packages\esp32\hardware\esp32\3.0.7\libraries\Network\src\NetworkManager.h">
      <Filter>src\_micro-api-readonly\libraries\Network</Filter>
    </ClInclude>
    <ClInclude Include="..\..\..\..\AppData\Local\Arduino15\packages\esp32\hardware\esp32\3.0.7\libraries\Network\src\NetworkServer.h">
      <Filter>src\_micro-api-readonly\libraries\Network</Filter>
    </ClInclude>
    <ClInclude Include="..\..\..\..\AppData\Local\Arduino15\packages\esp32\hardware\esp32\3.0.7\libraries\Network\src\NetworkUdp.h">
      <Filter>src\_micro-api-readonly\libraries\Network</Filter>
    </ClInclude>
    <ClInclude Include="..\..\..\..\Documents\Arduino\libraries\Adafruit_GFX_Library\Adafruit_GFX.h">
      <Filter>src\_micro-api-readonly\libraries\Adafruit_GFX_Library</Filter>
    </ClInclude>
    <ClInclude Include="..\..\..\..\Documents\Arduino\libraries\Adafruit_GFX_Library\Adafruit_GrayOLED.h">
      <Filter>src\_micro-api-readonly\libraries\Adafruit_GFX_Library</Filter>
    </ClInclude>
    <ClInclude Include="..\..\..\..\Documents\Arduino\libraries\Adafruit_GFX_Library\Adafruit_SPITFT.h">
      <Filter>src\_micro-api-readonly\libraries\Adafruit_GFX_Library</Filter>
    </ClInclude>
    <ClInclude Include="..\..\..\..\Documents\Arduino\libraries\Adafruit_GFX_Library\Adafruit_SPITFT_Macros.h">
      <Filter>src\_micro-api-readonly\libraries\Adafruit_GFX_Library</Filter>
    </ClInclude>
    <ClInclude Include="..\..\..\..\Documents\Arduino\libraries\Adafruit_GFX_Library\gfxfont.h">
      <Filter>src\_micro-api-readonly\libraries\Adafruit_GFX_Library</Filter>
    </ClInclude>
    <ClInclude Include="..\..\..\..\Documents\Arduino\libraries\Adafruit_BusIO\Adafruit_BusIO_Register.h">
      <Filter>src\_micro-api-readonly\libraries\Adafruit_BusIO</Filter>
    </ClInclude>
    <ClInclude Include="..\..\..\..\Documents\Arduino\libraries\Adafruit_BusIO\Adafruit_I2CDevice.h">
      <Filter>src\_micro-api-readonly\libraries\Adafruit_BusIO</Filter>
    </ClInclude>
    <ClInclude Include="..\..\..\..\Documents\Arduino\libraries\Adafruit_BusIO\Adafruit_I2CRegister.h">
      <Filter>src\_micro-api-readonly\libraries\Adafruit_BusIO</Filter>
    </ClInclude>
    <ClInclude Include="..\..\..\..\Documents\Arduino\libraries\Adafruit_BusIO\Adafruit_SPIDevice.h">
      <Filter>src\_micro-api-readonly\libraries\Adafruit_BusIO</Filter>
    </ClInclude>
    <ClInclude Include="..\..\..\..\AppData\Local\Arduino15\packages\esp32\hardware\esp32\3.0.7\libraries\Wire\src\Wire.h">
      <Filter>src\_micro-api-readonly\libraries\Wire</Filter>
    </ClInclude>
    <ClInclude Include="..\..\..\..\AppData\Local\Arduino15\packages\esp32\hardware\esp32\3.0.7\libraries\Update\src\HttpsOTAUpdate.h">
      <Filter>src\_micro-api-readonly\libraries\Update</Filter>
    </ClInclude>
    <ClInclude Include="..\..\..\..\AppData\Local\Arduino15\packages\esp32\hardware\esp32\3.0.7\libraries\Update\src\Update.h">
      <Filter>src\_micro-api-readonly\libraries\Update</Filter>
    </ClInclude>
    <ClInclude Include="__vm\.Endeavor.vsarduino.h">
      <Filter>Header Files</Filter>
    </ClInclude>
  </ItemGroup>
  <ItemGroup>
    <Text Include="board.txt">
      <Filter>Misc Files</Filter>
    </Text>
    <Text Include="..\..\..\..\Documents\Arduino\libraries\Adafruit_SSD1306\CMakeLists.txt">
      <Filter>src\_micro-api-readonly\libraries\Adafruit_SSD1306</Filter>
    </Text>
    <Text Include="..\..\..\..\Documents\Arduino\libraries\Adafruit_SSD1306\license.txt">
      <Filter>src\_micro-api-readonly\libraries\Adafruit_SSD1306</Filter>
    </Text>
    <Text Include="..\..\..\..\Documents\Arduino\libraries\ArduinoHttpClient\keywords.txt">
      <Filter>src\_micro-api-readonly\libraries\ArduinoHttpClient</Filter>
    </Text>
    <Text Include="..\..\..\..\AppData\Local\Arduino15\packages\esp32\hardware\esp32\3.0.7\libraries\ArduinoOTA\keywords.txt">
      <Filter>src\_micro-api-readonly\libraries\ArduinoOTA</Filter>
    </Text>
    <Text Include="..\..\..\..\AppData\Local\Arduino15\packages\esp32\hardware\esp32\3.0.7\libraries\ESPmDNS\keywords.txt">
      <Filter>src\_micro-api-readonly\libraries\ESPmDNS</Filter>
    </Text>
    <Text Include="..\..\..\..\AppData\Local\Arduino15\packages\esp32\hardware\esp32\3.0.7\libraries\Preferences\keywords.txt">
      <Filter>src\_micro-api-readonly\libraries\Preferences</Filter>
    </Text>
    <Text Include="..\..\..\..\Documents\Arduino\libraries\SparkFun_MCP9600_Thermocouple_Library\keywords.txt">
      <Filter>src\_micro-api-readonly\libraries\SparkFun_MCP9600_Thermocouple_Library</Filter>
    </Text>
    <Text Include="..\..\..\..\AppData\Local\Arduino15\packages\esp32\hardware\esp32\3.0.7\libraries\SPI\keywords.txt">
      <Filter>src\_micro-api-readonly\libraries\SPI</Filter>
    </Text>
    <Text Include="..\..\..\..\AppData\Local\Arduino15\packages\esp32\hardware\esp32\3.0.7\libraries\WiFi\keywords.txt">
      <Filter>src\_micro-api-readonly\libraries\WiFi</Filter>
    </Text>
    <Text Include="..\..\..\..\Documents\Arduino\libraries\Adafruit_GFX_Library\CMakeLists.txt">
      <Filter>src\_micro-api-readonly\libraries\Adafruit_GFX_Library</Filter>
    </Text>
    <Text Include="..\..\..\..\Documents\Arduino\libraries\Adafruit_GFX_Library\license.txt">
      <Filter>src\_micro-api-readonly\libraries\Adafruit_GFX_Library</Filter>
    </Text>
    <Text Include="..\..\..\..\Documents\Arduino\libraries\Adafruit_BusIO\CMakeLists.txt">
      <Filter>src\_micro-api-readonly\libraries\Adafruit_BusIO</Filter>
    </Text>
    <Text Include="..\..\..\..\AppData\Local\Arduino15\packages\esp32\hardware\esp32\3.0.7\libraries\Wire\keywords.txt">
      <Filter>src\_micro-api-readonly\libraries\Wire</Filter>
    </Text>
    <Text Include="..\..\..\..\AppData\Local\Arduino15\packages\esp32\hardware\esp32\3.0.7\libraries\Update\keywords.txt">
      <Filter>src\_micro-api-readonly\libraries\Update</Filter>
    </Text>
  </ItemGroup>
  <ItemGroup>
    <ResourceCompile Include="Endeavor.rc">
      <Filter>Misc Files</Filter>
    </ResourceCompile>
  </ItemGroup>
  <ItemGroup>
    <ClCompile Include="Endeavor.ino" />
    <ClCompile Include="..\..\..\..\AppData\Local\Arduino15\packages\esp32\hardware\esp32\3.0.7\cores\esp32\base64.cpp">
      <Filter>src\_micro-api-readonly\core</Filter>
    </ClCompile>
    <ClCompile Include="..\..\..\..\AppData\Local\Arduino15\packages\esp32\hardware\esp32\3.0.7\cores\esp32\cbuf.cpp">
      <Filter>src\_micro-api-readonly\core</Filter>
    </ClCompile>
    <ClCompile Include="..\..\..\..\AppData\Local\Arduino15\packages\esp32\hardware\esp32\3.0.7\cores\esp32\chip-debug-report.cpp">
      <Filter>src\_micro-api-readonly\core</Filter>
    </ClCompile>
    <ClCompile Include="..\..\..\..\AppData\Local\Arduino15\packages\esp32\hardware\esp32\3.0.7\cores\esp32\Esp.cpp">
      <Filter>src\_micro-api-readonly\core</Filter>
    </ClCompile>
    <ClCompile Include="..\..\..\..\AppData\Local\Arduino15\packages\esp32\hardware\esp32\3.0.7\cores\esp32\esp32-hal-adc.c">
      <Filter>src\_micro-api-readonly\core</Filter>
    </ClCompile>
    <ClCompile Include="..\..\..\..\AppData\Local\Arduino15\packages\esp32\hardware\esp32\3.0.7\cores\esp32\esp32-hal-bt.c">
      <Filter>src\_micro-api-readonly\core</Filter>
    </ClCompile>
    <ClCompile Include="..\..\..\..\AppData\Local\Arduino15\packages\esp32\hardware\esp32\3.0.7\cores\esp32\esp32-hal-cpu.c">
      <Filter>src\_micro-api-readonly\core</Filter>
    </ClCompile>
    <ClCompile Include="..\..\..\..\AppData\Local\Arduino15\packages\esp32\hardware\esp32\3.0.7\cores\esp32\esp32-hal-dac.c">
      <Filter>src\_micro-api-readonly\core</Filter>
    </ClCompile>
    <ClCompile Include="..\..\..\..\AppData\Local\Arduino15\packages\esp32\hardware\esp32\3.0.7\cores\esp32\esp32-hal-gpio.c">
      <Filter>src\_micro-api-readonly\core</Filter>
    </ClCompile>
    <ClCompile Include="..\..\..\..\AppData\Local\Arduino15\packages\esp32\hardware\esp32\3.0.7\cores\esp32\esp32-hal-i2c-slave.c">
      <Filter>src\_micro-api-readonly\core</Filter>
    </ClCompile>
    <ClCompile Include="..\..\..\..\AppData\Local\Arduino15\packages\esp32\hardware\esp32\3.0.7\cores\esp32\esp32-hal-i2c.c">
      <Filter>src\_micro-api-readonly\core</Filter>
    </ClCompile>
    <ClCompile Include="..\..\..\..\AppData\Local\Arduino15\packages\esp32\hardware\esp32\3.0.7\cores\esp32\esp32-hal-ledc.c">
      <Filter>src\_micro-api-readonly\core</Filter>
    </ClCompile>
    <ClCompile Include="..\..\..\..\AppData\Local\Arduino15\packages\esp32\hardware\esp32\3.0.7\cores\esp32\esp32-hal-matrix.c">
      <Filter>src\_micro-api-readonly\core</Filter>
    </ClCompile>
    <ClCompile Include="..\..\..\..\AppData\Local\Arduino15\packages\esp32\hardware\esp32\3.0.7\cores\esp32\esp32-hal-misc.c">
      <Filter>src\_micro-api-readonly\core</Filter>
    </ClCompile>
    <ClCompile Include="..\..\..\..\AppData\Local\Arduino15\packages\esp32\hardware\esp32\3.0.7\cores\esp32\esp32-hal-periman.c">
      <Filter>src\_micro-api-readonly\core</Filter>
    </ClCompile>
    <ClCompile Include="..\..\..\..\AppData\Local\Arduino15\packages\esp32\hardware\esp32\3.0.7\cores\esp32\esp32-hal-psram.c">
      <Filter>src\_micro-api-readonly\core</Filter>
    </ClCompile>
    <ClCompile Include="..\..\..\..\AppData\Local\Arduino15\packages\esp32\hardware\esp32\3.0.7\cores\esp32\esp32-hal-rgb-led.c">
      <Filter>src\_micro-api-readonly\core</Filter>
    </ClCompile>
    <ClCompile Include="..\..\..\..\AppData\Local\Arduino15\packages\esp32\hardware\esp32\3.0.7\cores\esp32\esp32-hal-rmt.c">
      <Filter>src\_micro-api-readonly\core</Filter>
    </ClCompile>
    <ClCompile Include="..\..\..\..\AppData\Local\Arduino15\packages\esp32\hardware\esp32\3.0.7\cores\esp32\esp32-hal-sigmadelta.c">
      <Filter>src\_micro-api-readonly\core</Filter>
    </ClCompile>
    <ClCompile Include="..\..\..\..\AppData\Local\Arduino15\packages\esp32\hardware\esp32\3.0.7\cores\esp32\esp32-hal-spi.c">
      <Filter>src\_micro-api-readonly\core</Filter>
    </ClCompile>
    <ClCompile Include="..\..\..\..\AppData\Local\Arduino15\packages\esp32\hardware\esp32\3.0.7\cores\esp32\esp32-hal-time.c">
      <Filter>src\_micro-api-readonly\core</Filter>
    </ClCompile>
    <ClCompile Include="..\..\..\..\AppData\Local\Arduino15\packages\esp32\hardware\esp32\3.0.7\cores\esp32\esp32-hal-timer.c">
      <Filter>src\_micro-api-readonly\core</Filter>
    </ClCompile>
    <ClCompile Include="..\..\..\..\AppData\Local\Arduino15\packages\esp32\hardware\esp32\3.0.7\cores\esp32\esp32-hal-tinyusb.c">
      <Filter>src\_micro-api-readonly\core</Filter>
    </ClCompile>
    <ClCompile Include="..\..\..\..\AppData\Local\Arduino15\packages\esp32\hardware\esp32\3.0.7\cores\esp32\esp32-hal-touch.c">
      <Filter>src\_micro-api-readonly\core</Filter>
    </ClCompile>
    <ClCompile Include="..\..\..\..\AppData\Local\Arduino15\packages\esp32\hardware\esp32\3.0.7\cores\esp32\esp32-hal-uart.c">
      <Filter>src\_micro-api-readonly\core</Filter>
    </ClCompile>
    <ClCompile Include="..\..\..\..\AppData\Local\Arduino15\packages\esp32\hardware\esp32\3.0.7\cores\esp32\FirmwareMSC.cpp">
      <Filter>src\_micro-api-readonly\core</Filter>
    </ClCompile>
    <ClCompile Include="..\..\..\..\AppData\Local\Arduino15\packages\esp32\hardware\esp32\3.0.7\cores\esp32\firmware_msc_fat.c">
      <Filter>src\_micro-api-readonly\core</Filter>
    </ClCompile>
    <ClCompile Include="..\..\..\..\AppData\Local\Arduino15\packages\esp32\hardware\esp32\3.0.7\cores\esp32\FunctionalInterrupt.cpp">
      <Filter>src\_micro-api-readonly\core</Filter>
    </ClCompile>
    <ClCompile Include="..\..\..\..\AppData\Local\Arduino15\packages\esp32\hardware\esp32\3.0.7\cores\esp32\HardwareSerial.cpp">
      <Filter>src\_micro-api-readonly\core</Filter>
    </ClCompile>
    <ClCompile Include="..\..\..\..\AppData\Local\Arduino15\packages\esp32\hardware\esp32\3.0.7\cores\esp32\HEXBuilder.cpp">
      <Filter>src\_micro-api-readonly\core</Filter>
    </ClCompile>
    <ClCompile Include="..\..\..\..\AppData\Local\Arduino15\packages\esp32\hardware\esp32\3.0.7\cores\esp32\HWCDC.cpp">
      <Filter>src\_micro-api-readonly\core</Filter>
    </ClCompile>
    <ClCompile Include="..\..\..\..\AppData\Local\Arduino15\packages\esp32\hardware\esp32\3.0.7\cores\esp32\IPAddress.cpp">
      <Filter>src\_micro-api-readonly\core</Filter>
    </ClCompile>
    <ClCompile Include="..\..\..\..\AppData\Local\Arduino15\packages\esp32\hardware\esp32\3.0.7\cores\esp32\MacAddress.cpp">
      <Filter>src\_micro-api-readonly\core</Filter>
    </ClCompile>
    <ClCompile Include="..\..\..\..\AppData\Local\Arduino15\packages\esp32\hardware\esp32\3.0.7\cores\esp32\main.cpp">
      <Filter>src\_micro-api-readonly\core</Filter>
    </ClCompile>
    <ClCompile Include="..\..\..\..\AppData\Local\Arduino15\packages\esp32\hardware\esp32\3.0.7\cores\esp32\MD5Builder.cpp">
      <Filter>src\_micro-api-readonly\core</Filter>
    </ClCompile>
    <ClCompile Include="..\..\..\..\AppData\Local\Arduino15\packages\esp32\hardware\esp32\3.0.7\cores\esp32\Print.cpp">
      <Filter>src\_micro-api-readonly\core</Filter>
    </ClCompile>
    <ClCompile Include="..\..\..\..\AppData\Local\Arduino15\packages\esp32\hardware\esp32\3.0.7\cores\esp32\SHA1Builder.cpp">
      <Filter>src\_micro-api-readonly\core</Filter>
    </ClCompile>
    <ClCompile Include="..\..\..\..\AppData\Local\Arduino15\packages\esp32\hardware\esp32\3.0.7\cores\esp32\stdlib_noniso.c">
      <Filter>src\_micro-api-readonly\core</Filter>
    </ClCompile>
    <ClCompile Include="..\..\..\..\AppData\Local\Arduino15\packages\esp32\hardware\esp32\3.0.7\cores\esp32\Stream.cpp">
      <Filter>src\_micro-api-readonly\core</Filter>
    </ClCompile>
    <ClCompile Include="..\..\..\..\AppData\Local\Arduino15\packages\esp32\hardware\esp32\3.0.7\cores\esp32\StreamString.cpp">
      <Filter>src\_micro-api-readonly\core</Filter>
    </ClCompile>
    <ClCompile Include="..\..\..\..\AppData\Local\Arduino15\packages\esp32\hardware\esp32\3.0.7\cores\esp32\Tone.cpp">
      <Filter>src\_micro-api-readonly\core</Filter>
    </ClCompile>
    <ClCompile Include="..\..\..\..\AppData\Local\Arduino15\packages\esp32\hardware\esp32\3.0.7\cores\esp32\USB.cpp">
      <Filter>src\_micro-api-readonly\core</Filter>
    </ClCompile>
    <ClCompile Include="..\..\..\..\AppData\Local\Arduino15\packages\esp32\hardware\esp32\3.0.7\cores\esp32\USBCDC.cpp">
      <Filter>src\_micro-api-readonly\core</Filter>
    </ClCompile>
    <ClCompile Include="..\..\..\..\AppData\Local\Arduino15\packages\esp32\hardware\esp32\3.0.7\cores\esp32\USBMSC.cpp">
      <Filter>src\_micro-api-readonly\core</Filter>
    </ClCompile>
    <ClCompile Include="..\..\..\..\AppData\Local\Arduino15\packages\esp32\hardware\esp32\3.0.7\cores\esp32\wiring_pulse.c">
      <Filter>src\_micro-api-readonly\core</Filter>
    </ClCompile>
    <ClCompile Include="..\..\..\..\AppData\Local\Arduino15\packages\esp32\hardware\esp32\3.0.7\cores\esp32\wiring_shift.c">
      <Filter>src\_micro-api-readonly\core</Filter>
    </ClCompile>
    <ClCompile Include="..\..\..\..\AppData\Local\Arduino15\packages\esp32\hardware\esp32\3.0.7\cores\esp32\WMath.cpp">
      <Filter>src\_micro-api-readonly\core</Filter>
    </ClCompile>
    <ClCompile Include="..\..\..\..\AppData\Local\Arduino15\packages\esp32\hardware\esp32\3.0.7\cores\esp32\WString.cpp">
      <Filter>src\_micro-api-readonly\core</Filter>
    </ClCompile>
    <ClCompile Include="..\..\..\..\Documents\Arduino\libraries\Adafruit_SSD1306\Adafruit_SSD1306.cpp">
      <Filter>src\_micro-api-readonly\libraries\Adafruit_SSD1306</Filter>
    </ClCompile>
    <ClCompile Include="..\..\..\..\Documents\Arduino\libraries\ArduinoHttpClient\src\b64.cpp">
      <Filter>src\_micro-api-readonly\libraries\ArduinoHttpClient</Filter>
    </ClCompile>
    <ClCompile Include="..\..\..\..\Documents\Arduino\libraries\ArduinoHttpClient\src\HttpClient.cpp">
      <Filter>src\_micro-api-readonly\libraries\ArduinoHttpClient</Filter>
    </ClCompile>
    <ClCompile Include="..\..\..\..\Documents\Arduino\libraries\ArduinoHttpClient\src\URLEncoder.cpp">
      <Filter>src\_micro-api-readonly\libraries\ArduinoHttpClient</Filter>
    </ClCompile>
    <ClCompile Include="..\..\..\..\Documents\Arduino\libraries\ArduinoHttpClient\src\WebSocketClient.cpp">
      <Filter>src\_micro-api-readonly\libraries\ArduinoHttpClient</Filter>
    </ClCompile>
    <ClCompile Include="..\..\..\..\Documents\Arduino\libraries\ArduinoHttpClient\src\utility\URLParser\http_parser.c">
      <Filter>src\_micro-api-readonly\libraries\ArduinoHttpClient</Filter>
    </ClCompile>
    <ClCompile Include="..\..\..\..\AppData\Local\Arduino15\packages\esp32\hardware\esp32\3.0.7\libraries\ArduinoOTA\src\ArduinoOTA.cpp">
      <Filter>src\_micro-api-readonly\libraries\ArduinoOTA</Filter>
    </ClCompile>
    <ClCompile Include="..\..\..\..\AppData\Local\Arduino15\packages\esp32\hardware\esp32\3.0.7\libraries\ESPmDNS\src\ESPmDNS.cpp">
      <Filter>src\_micro-api-readonly\libraries\ESPmDNS</Filter>
    </ClCompile>
    <ClCompile Include="..\..\..\..\AppData\Local\Arduino15\packages\esp32\hardware\esp32\3.0.7\libraries\Preferences\src\Preferences.cpp">
      <Filter>src\_micro-api-readonly\libraries\Preferences</Filter>
    </ClCompile>
    <ClCompile Include="..\..\..\..\Documents\Arduino\libraries\SparkFun_MCP9600_Thermocouple_Library\src\SparkFun_MCP9600.cpp">
      <Filter>src\_micro-api-readonly\libraries\SparkFun_MCP9600_Thermocouple_Library</Filter>
    </ClCompile>
    <ClCompile Include="..\..\..\..\AppData\Local\Arduino15\packages\esp32\hardware\esp32\3.0.7\libraries\SPI\src\SPI.cpp">
      <Filter>src\_micro-api-readonly\libraries\SPI</Filter>
    </ClCompile>
    <ClCompile Include="..\..\..\..\AppData\Local\Arduino15\packages\esp32\hardware\esp32\3.0.7\libraries\WiFi\src\AP.cpp">
      <Filter>src\_micro-api-readonly\libraries\WiFi</Filter>
    </ClCompile>
    <ClCompile Include="..\..\..\..\AppData\Local\Arduino15\packages\esp32\hardware\esp32\3.0.7\libraries\WiFi\src\STA.cpp">
      <Filter>src\_micro-api-readonly\libraries\WiFi</Filter>
    </ClCompile>
    <ClCompile Include="..\..\..\..\AppData\Local\Arduino15\packages\esp32\hardware\esp32\3.0.7\libraries\WiFi\src\WiFi.cpp">
      <Filter>src\_micro-api-readonly\libraries\WiFi</Filter>
    </ClCompile>
    <ClCompile Include="..\..\..\..\AppData\Local\Arduino15\packages\esp32\hardware\esp32\3.0.7\libraries\WiFi\src\WiFiAP.cpp">
      <Filter>src\_micro-api-readonly\libraries\WiFi</Filter>
    </ClCompile>
    <ClCompile Include="..\..\..\..\AppData\Local\Arduino15\packages\esp32\hardware\esp32\3.0.7\libraries\WiFi\src\WiFiGeneric.cpp">
      <Filter>src\_micro-api-readonly\libraries\WiFi</Filter>
    </ClCompile>
    <ClCompile Include="..\..\..\..\AppData\Local\Arduino15\packages\esp32\hardware\esp32\3.0.7\libraries\WiFi\src\WiFiMulti.cpp">
      <Filter>src\_micro-api-readonly\libraries\WiFi</Filter>
    </ClCompile>
    <ClCompile Include="..\..\..\..\AppData\Local\Arduino15\packages\esp32\hardware\esp32\3.0.7\libraries\WiFi\src\WiFiScan.cpp">
      <Filter>src\_micro-api-readonly\libraries\WiFi</Filter>
    </ClCompile>
    <ClCompile Include="..\..\..\..\AppData\Local\Arduino15\packages\esp32\hardware\esp32\3.0.7\libraries\WiFi\src\WiFiSTA.cpp">
      <Filter>src\_micro-api-readonly\libraries\WiFi</Filter>
    </ClCompile>
    <ClCompile Include="..\..\..\..\AppData\Local\Arduino15\packages\esp32\hardware\esp32\3.0.7\libraries\Network\src\NetworkClient.cpp">
      <Filter>src\_micro-api-readonly\libraries\Network</Filter>
    </ClCompile>
    <ClCompile Include="..\..\..\..\AppData\Local\Arduino15\packages\esp32\hardware\esp32\3.0.7\libraries\Network\src\NetworkEvents.cpp">
      <Filter>src\_micro-api-readonly\libraries\Network</Filter>
    </ClCompile>
    <ClCompile Include="..\..\..\..\AppData\Local\Arduino15\packages\esp32\hardware\esp32\3.0.7\libraries\Network\src\NetworkInterface.cpp">
      <Filter>src\_micro-api-readonly\libraries\Network</Filter>
    </ClCompile>
    <ClCompile Include="..\..\..\..\AppData\Local\Arduino15\packages\esp32\hardware\esp32\3.0.7\libraries\Network\src\NetworkManager.cpp">
      <Filter>src\_micro-api-readonly\libraries\Network</Filter>
    </ClCompile>
    <ClCompile Include="..\..\..\..\AppData\Local\Arduino15\packages\esp32\hardware\esp32\3.0.7\libraries\Network\src\NetworkServer.cpp">
      <Filter>src\_micro-api-readonly\libraries\Network</Filter>
    </ClCompile>
    <ClCompile Include="..\..\..\..\AppData\Local\Arduino15\packages\esp32\hardware\esp32\3.0.7\libraries\Network\src\NetworkUdp.cpp">
      <Filter>src\_micro-api-readonly\libraries\Network</Filter>
    </ClCompile>
    <ClCompile Include="..\..\..\..\Documents\Arduino\libraries\Adafruit_GFX_Library\Adafruit_GFX.cpp">
      <Filter>src\_micro-api-readonly\libraries\Adafruit_GFX_Library</Filter>
    </ClCompile>
    <ClCompile Include="..\..\..\..\Documents\Arduino\libraries\Adafruit_GFX_Library\Adafruit_GrayOLED.cpp">
      <Filter>src\_micro-api-readonly\libraries\Adafruit_GFX_Library</Filter>
    </ClCompile>
    <ClCompile Include="..\..\..\..\Documents\Arduino\libraries\Adafruit_GFX_Library\Adafruit_SPITFT.cpp">
      <Filter>src\_micro-api-readonly\libraries\Adafruit_GFX_Library</Filter>
    </ClCompile>
    <ClCompile Include="..\..\..\..\Documents\Arduino\libraries\Adafruit_GFX_Library\glcdfont.c">
      <Filter>src\_micro-api-readonly\libraries\Adafruit_GFX_Library</Filter>
    </ClCompile>
    <ClCompile Include="..\..\..\..\Documents\Arduino\libraries\Adafruit_BusIO\Adafruit_BusIO_Register.cpp">
      <Filter>src\_micro-api-readonly\libraries\Adafruit_BusIO</Filter>
    </ClCompile>
    <ClCompile Include="..\..\..\..\Documents\Arduino\libraries\Adafruit_BusIO\Adafruit_I2CDevice.cpp">
      <Filter>src\_micro-api-readonly\libraries\Adafruit_BusIO</Filter>
    </ClCompile>
    <ClCompile Include="..\..\..\..\Documents\Arduino\libraries\Adafruit_BusIO\Adafruit_SPIDevice.cpp">
      <Filter>src\_micro-api-readonly\libraries\Adafruit_BusIO</Filter>
    </ClCompile>
    <ClCompile Include="..\..\..\..\AppData\Local\Arduino15\packages\esp32\hardware\esp32\3.0.7\libraries\Wire\src\Wire.cpp">
      <Filter>src\_micro-api-readonly\libraries\Wire</Filter>
    </ClCompile>
    <ClCompile Include="..\..\..\..\AppData\Local\Arduino15\packages\esp32\hardware\esp32\3.0.7\libraries\Update\src\HttpsOTAUpdate.cpp">
      <Filter>src\_micro-api-readonly\libraries\Update</Filter>
    </ClCompile>
    <ClCompile Include="..\..\..\..\AppData\Local\Arduino15\packages\esp32\hardware\esp32\3.0.7\libraries\Update\src\Updater.cpp">
      <Filter>src\_micro-api-readonly\libraries\Update</Filter>
    </ClCompile>
  </ItemGroup>
</Project>